<?xml version="1.0" encoding="utf-8"?>
<Project ToolsVersion="4.0" xmlns="http://schemas.microsoft.com/developer/msbuild/2003">
  <ItemGroup>
    <ClInclude Include="important\include_all.h" />
    <ClInclude Include="math\include_math.h" />
    <ClInclude Include="math\types\vec2.h" />
    <ClInclude Include="math\types\vec3.h" />
    <ClInclude Include="math\types\angle.h" />
    <ClInclude Include="logging\logging.h" />
    <ClInclude Include="command_line\command_line.h" />
    <ClInclude Include="hashing\hashing.h" />
    <ClInclude Include="windows\windows.h" />
    <ClInclude Include="windows\standard_window\standard_window.h" />
    <ClInclude Include="windows\include_window.h" />
    <ClInclude Include="windows\console_window\console_window.h" />
  </ItemGroup>
  <ItemGroup>
    <ClCompile Include="main.cpp" />
    <ClCompile Include="logging\logging.cpp" />
    <ClCompile Include="command_line\command_line.cpp" />
    <ClCompile Include="hashing\hashing.cpp" />
    <ClCompile Include="windows\windows.cpp" />
    <ClCompile Include="windows\console_window\console_window.cpp" />
  </ItemGroup>
</Project>