<?xml version="1.0" encoding="utf-8"?>
<Project ToolsVersion="4.0" xmlns="http://schemas.microsoft.com/developer/msbuild/2003">
  <ItemGroup>
    <ClInclude Include="important\include_all.h" />
    <ClInclude Include="math\include_math.h" />
    <ClInclude Include="math\types\vec2.h" />
    <ClInclude Include="math\types\vec3.h" />
    <ClInclude Include="math\types\angle.h" />
    <ClInclude Include="logging\logging.h" />
  </ItemGroup>
  <ItemGroup>
    <ClCompile Include="main.cpp" />
    <ClCompile Include="logging\logging.cpp" />
  </ItemGroup>
</Project>